
Microsoft Visual Studio Solution File, Format Version 12.00
# Visual Studio Version 17
VisualStudioVersion = 17.6.33815.320
MinimumVisualStudioVersion = 10.0.40219.1
Project("{FAE04EC0-301F-11D3-BF4B-00C04F79EFBC}") = "ED2LAB1_CAMP1127922", "ED2LAB1_CAMP1127922\ED2LAB1_CAMP1127922.csproj", "{E7381F7C-8874-45AB-B7DF-6A61EEBC3551}"
EndProject
Global
	GlobalSection(SolutionConfigurationPlatforms) = preSolution
		Debug|Any CPU = Debug|Any CPU
		Release|Any CPU = Release|Any CPU
	EndGlobalSection
	GlobalSection(ProjectConfigurationPlatforms) = postSolution
		{E7381F7C-8874-45AB-B7DF-6A61EEBC3551}.Debug|Any CPU.ActiveCfg = Debug|Any CPU
		{E7381F7C-8874-45AB-B7DF-6A61EEBC3551}.Debug|Any CPU.Build.0 = Debug|Any CPU
		{E7381F7C-8874-45AB-B7DF-6A61EEBC3551}.Release|Any CPU.ActiveCfg = Release|Any CPU
		{E7381F7C-8874-45AB-B7DF-6A61EEBC3551}.Release|Any CPU.Build.0 = Release|Any CPU
	EndGlobalSection
	GlobalSection(SolutionProperties) = preSolution
		HideSolutionNode = FALSE
	EndGlobalSection
	GlobalSection(ExtensibilityGlobals) = postSolution
		SolutionGuid = {FF511C14-C26D-450D-85FB-8D12772EF9D8}
	EndGlobalSection
EndGlobal
